
Microsoft Visual Studio Solution File, Format Version 12.00
# Visual Studio Version 17
VisualStudioVersion = 17.6.33829.357
MinimumVisualStudioVersion = 10.0.40219.1
Project("{FAE04EC0-301F-11D3-BF4B-00C04F79EFBC}") = "AreaCalculator", "AreaCalculator.csproj", "{22370A6B-E216-44F9-9B71-0C5631576602}"
EndProject
Global
	GlobalSection(SolutionConfigurationPlatforms) = preSolution
		Debug|Any CPU = Debug|Any CPU
		Release|Any CPU = Release|Any CPU
	EndGlobalSection
	GlobalSection(ProjectConfigurationPlatforms) = postSolution
		{22370A6B-E216-44F9-9B71-0C5631576602}.Debug|Any CPU.ActiveCfg = Debug|Any CPU
		{22370A6B-E216-44F9-9B71-0C5631576602}.Debug|Any CPU.Build.0 = Debug|Any CPU
		{22370A6B-E216-44F9-9B71-0C5631576602}.Release|Any CPU.ActiveCfg = Release|Any CPU
		{22370A6B-E216-44F9-9B71-0C5631576602}.Release|Any CPU.Build.0 = Release|Any CPU
	EndGlobalSection
	GlobalSection(SolutionProperties) = preSolution
		HideSolutionNode = FALSE
	EndGlobalSection
	GlobalSection(ExtensibilityGlobals) = postSolution
		SolutionGuid = {5E4170B5-990E-44BB-A7B9-F3585DA5D903}
	EndGlobalSection
EndGlobal
